# THIS IS AN AUTOGENERATED FILE. DO NOT EDIT THIS FILE DIRECTLY.
# yarn lockfile v1


"@types/classnames@^0.0.32":
  version "0.0.32"
  resolved "http://registry.npm.taobao.org/@types/classnames/download/@types/classnames-0.0.32.tgz#449abcd9a826807811ef101e58df9f83cfc61713"

"@types/keymaster@^1.6.28":
  version "1.6.28"
  resolved "http://registry.npm.taobao.org/@types/keymaster/download/@types/keymaster-1.6.28.tgz#093fc6fe49deff4ee17d36935a49230edb1c935f"

"@types/lodash@^4.14.63":
  version "4.14.63"
  resolved "http://registry.npm.taobao.org/@types/lodash/download/@types/lodash-4.14.63.tgz#5ac475f55bfdc62bc88c4239dbc482f2f3bead93"

"@types/lz-string@^1.3.32":
  version "1.3.32"
  resolved "http://registry.npm.taobao.org/@types/lz-string/download/@types/lz-string-1.3.32.tgz#60e26d0f70daa6bf385b9437bb02f661a5713f81"

"@types/react-color@^2.11.1":
  version "2.11.1"
  resolved "http://registry.npm.taobao.org/@types/react-color/download/@types/react-color-2.11.1.tgz#bb1bc7615cf9c18ea02b7648eb88dcafaffc5538"
  dependencies:
    "@types/react" "*"

"@types/react-dom@^15.5.0":
  version "15.5.0"
  resolved "http://registry.npm.taobao.org/@types/react-dom/download/@types/react-dom-15.5.0.tgz#7f4fb9613d4051141773242f7b6b5f1a46b34bd9"
  dependencies:
    "@types/react" "*"

"@types/react@*", "@types/react@^15.0.22":
  version "15.0.22"
  resolved "http://registry.npm.taobao.org/@types/react/download/@types/react-15.0.22.tgz#50803cde8d89f60a9b034f2dd0d619bc5f0273b5"

asap@~2.0.3:
  version "2.0.5"
  resolved "http://registry.npm.taobao.org/asap/download/asap-2.0.5.tgz#522765b50c3510490e52d7dcfe085ef9ba96958f"

can-use-dom@^0.1.0:
  version "0.1.0"
  resolved "http://registry.npm.taobao.org/can-use-dom/download/can-use-dom-0.1.0.tgz#22cc4a34a0abc43950f42c6411024a3f6366b45a"

classnames@^2.2.5:
  version "2.2.5"
  resolved "http://registry.npm.taobao.org/classnames/download/classnames-2.2.5.tgz#fb3801d453467649ef3603c7d61a02bd129bde6d"

core-js@^1.0.0:
  version "1.2.7"
  resolved "http://registry.npm.taobao.org/core-js/download/core-js-1.2.7.tgz#652294c14651db28fa93bd2d5ff2983a4f08c636"

create-react-class@^15.5.2:
  version "15.5.2"
  resolved "http://registry.npm.taobao.org/create-react-class/download/create-react-class-15.5.2.tgz#6a8758348df660b88326a0e764d569f274aad681"
  dependencies:
    fbjs "^0.8.9"
    object-assign "^4.1.1"

encoding@^0.1.11:
  version "0.1.12"
  resolved "http://registry.npm.taobao.org/encoding/download/encoding-0.1.12.tgz#538b66f3ee62cd1ab51ec323829d1f9480c74beb"
  dependencies:
    iconv-lite "~0.4.13"

enquire.js@^2.1.6:
  version "2.1.6"
  resolved "http://registry.npm.taobao.org/enquire.js/download/enquire.js-2.1.6.tgz#3e8780c9b8b835084c3f60e166dbc3c2a3c89814"

fbjs@^0.8.9:
  version "0.8.12"
  resolved "http://registry.npm.taobao.org/fbjs/download/fbjs-0.8.12.tgz#10b5d92f76d45575fd63a217d4ea02bea2f8ed04"
  dependencies:
    core-js "^1.0.0"
    isomorphic-fetch "^2.1.1"
    loose-envify "^1.0.0"
    object-assign "^4.1.0"
    promise "^7.1.1"
    setimmediate "^1.0.5"
    ua-parser-js "^0.7.9"

gaea-helper@^1.0.19:
  version "1.0.19"
  resolved "http://registry.npm.taobao.org/gaea-helper/download/gaea-helper-1.0.19.tgz#4041f69e71198afd2ecf02a9048ed370396b0283"

gaea-model@^1.0.29:
  version "1.0.29"
  resolved "http://registry.npm.taobao.org/gaea-model/download/gaea-model-1.0.29.tgz#f8267521566e8c0016cec78aca7de8f0e5cbb9c8"

gaea-native-components@^1.0.24:
  version "1.0.24"
  resolved "http://registry.npm.taobao.org/gaea-native-components/download/gaea-native-components-1.0.24.tgz#273dc192eb5ba70b353dedde5779f7cd14fbb8e6"
  dependencies:
    gaea-helper "^1.0.19"
    lodash "^4.15.0"
    nt-swiper "^1.0.1"
    nt-transparently-native-props "^0.0.1"

gaea-preview@^1.0.23:
  version "1.0.23"
  resolved "http://registry.npm.taobao.org/gaea-preview/download/gaea-preview-1.0.23.tgz#fffbaf754a6f2b63aa9dbde9a58021670d0a4af9"
  dependencies:
    gaea-model "^1.0.29"
    lodash "^4.15.0"
    lz-string "^1.4.4"
    nt-auto-bind "^2.0.5"

gaea-web-components@^1.0.20:
  version "1.0.20"
  resolved "http://registry.npm.taobao.org/gaea-web-components/download/gaea-web-components-1.0.20.tgz#8a835de3d6451f4827bb790490be8f888b5b96c7"
  dependencies:
    gaea-helper "^1.0.19"
    lodash "^4.15.0"
    nt-transparently-native-props "^0.0.1"
    nt-transparently-props "^0.0.5"
    nt-web-button "^1.0.5"
    nt-web-input "^1.0.6"
    nt-web-modal "^0.0.5"
    react-slick "^0.14.5"

hoist-non-react-statics@^1.2.0:
  version "1.2.0"
  resolved "http://registry.npm.taobao.org/hoist-non-react-statics/download/hoist-non-react-statics-1.2.0.tgz#aa448cf0986d55cc40773b17174b7dd066cb7cfb"

iconv-lite@~0.4.13:
  version "0.4.16"
  resolved "http://registry.npm.taobao.org/iconv-lite/download/iconv-lite-0.4.16.tgz#65de3beeb39e2960d67f049f1634ffcbcde9014b"

inject-instance@^1.0.5:
  version "1.0.5"
  resolved "http://registry.npm.taobao.org/inject-instance/download/inject-instance-1.0.5.tgz#20a49c5fb3867c4df011158b61ccc5afe92f87d5"

is-stream@^1.0.1:
  version "1.1.0"
  resolved "http://registry.npm.taobao.org/is-stream/download/is-stream-1.1.0.tgz#12d4a3dd4e68e0b79ceb8dbc84173ae80d91ca44"

isomorphic-fetch@^2.1.1:
  version "2.2.1"
  resolved "http://registry.npm.taobao.org/isomorphic-fetch/download/isomorphic-fetch-2.2.1.tgz#611ae1acf14f5e81f729507472819fe9733558a9"
  dependencies:
    node-fetch "^1.0.1"
    whatwg-fetch ">=0.10.0"

jquery@>=1.7.2, jquery@^3.1.0:
  version "3.2.1"
  resolved "http://registry.npm.taobao.org/jquery/download/jquery-3.2.1.tgz#5c4d9de652af6cd0a770154a631bba12b015c787"

js-tokens@^3.0.0:
  version "3.0.1"
  resolved "http://registry.npm.taobao.org/js-tokens/download/js-tokens-3.0.1.tgz#08e9f132484a2c45a30907e9dc4d5567b7f114d7"

json2mq@^0.2.0:
  version "0.2.0"
  resolved "http://registry.npm.taobao.org/json2mq/download/json2mq-0.2.0.tgz#b637bd3ba9eabe122c83e9720483aeb10d2c904a"
  dependencies:
    string-convert "^0.2.0"

keymaster@^1.6.2:
  version "1.6.2"
  resolved "http://registry.npm.taobao.org/keymaster/download/keymaster-1.6.2.tgz#e1ae54d0ea9488f9f60b66b668f02e9a1946c6eb"

lodash@^4.0.1, lodash@^4.15.0:
  version "4.17.4"
  resolved "http://registry.npm.taobao.org/lodash/download/lodash-4.17.4.tgz#78203a4d1c328ae1d86dca6460e369b57f4055ae"

loose-envify@^1.0.0:
  version "1.3.1"
  resolved "http://registry.npm.taobao.org/loose-envify/download/loose-envify-1.3.1.tgz#d1a8ad33fa9ce0e713d65fdd0ac8b748d478c848"
  dependencies:
    js-tokens "^3.0.0"

lz-string@^1.4.4:
  version "1.4.4"
  resolved "http://registry.npm.taobao.org/lz-string/download/lz-string-1.4.4.tgz#c0d8eaf36059f705796e1e344811cf4c498d3a26"

material-colors@^1.2.1:
  version "1.2.5"
  resolved "http://registry.npm.taobao.org/material-colors/download/material-colors-1.2.5.tgz#5292593e6754cb1bcc2b98030e4e0d6a3afc9ea1"

mobx-react@^3.5.5:
  version "3.5.9"
  resolved "http://registry.npm.taobao.org/mobx-react/download/mobx-react-3.5.9.tgz#b710299539d58d7af1189b5e86bc0be4198a43c1"
  dependencies:
    hoist-non-react-statics "^1.2.0"

mobx@^2.4.3:
  version "2.7.0"
  resolved "http://registry.npm.taobao.org/mobx/download/mobx-2.7.0.tgz#cf3d82d18c0ca7f458d8f2a240817b3dc7e54a01"

node-fetch@^1.0.1:
  version "1.6.3"
  resolved "http://registry.npm.taobao.org/node-fetch/download/node-fetch-1.6.3.tgz#dc234edd6489982d58e8f0db4f695029abcd8c04"
  dependencies:
    encoding "^0.1.11"
    is-stream "^1.0.1"

nt-auto-bind@^2.0.5:
  version "2.0.5"
  resolved "http://registry.npm.taobao.org/nt-auto-bind/download/nt-auto-bind-2.0.5.tgz#f605f754816ea0d6e90fb745ca3414e99c26aa12"

nt-swiper@^1.0.1:
  version "1.0.1"
  resolved "http://registry.npm.taobao.org/nt-swiper/download/nt-swiper-1.0.1.tgz#e78c38214208bdd5ce5c29a888a5393adcf90b12"

nt-transmit-transparently@^1.0.7:
  version "1.0.7"
  resolved "http://registry.npm.taobao.org/nt-transmit-transparently/download/nt-transmit-transparently-1.0.7.tgz#345cf3ffda06ba1bd629935bafac9e7820385076"

nt-transparently-native-props@^0.0.1:
  version "0.0.1"
  resolved "http://registry.npm.taobao.org/nt-transparently-native-props/download/nt-transparently-native-props-0.0.1.tgz#a6eafad184663db6a2db7e9573fcf822219531fb"

nt-transparently-props@^0.0.5:
  version "0.0.5"
  resolved "http://registry.npm.taobao.org/nt-transparently-props/download/nt-transparently-props-0.0.5.tgz#c0961533c2d5865f473dba5251e067d1098215a8"

nt-web-auto-complete@^1.0.0:
  version "1.0.0"
  resolved "http://registry.npm.taobao.org/nt-web-auto-complete/download/nt-web-auto-complete-1.0.0.tgz#3f2251af4f6aecacc6b833b83e0927efdf04b763"
  dependencies:
    classnames "^2.2.5"
    jquery "^3.1.0"
    nt-transmit-transparently "^1.0.7"
    nt-web-input "^1.0.6"

nt-web-button@^1.0.5:
  version "1.0.5"
  resolved "http://registry.npm.taobao.org/nt-web-button/download/nt-web-button-1.0.5.tgz#82a61fe0c1c786833cbfeeb0a81c16e45eecc413"
  dependencies:
    classnames "^2.2.5"
    nt-transmit-transparently "^1.0.7"

nt-web-checkbox@^1.0.5:
  version "1.0.5"
  resolved "http://registry.npm.taobao.org/nt-web-checkbox/download/nt-web-checkbox-1.0.5.tgz#e4866acfc1859300a06a75366b64b176874661e8"
  dependencies:
    classnames "^2.2.5"
    nt-transmit-transparently "^1.0.7"
    nt-transparently-props "^0.0.5"

nt-web-input@^1.0.6:
  version "1.0.6"
  resolved "http://registry.npm.taobao.org/nt-web-input/download/nt-web-input-1.0.6.tgz#bbcf5e20c95155bbc36554236f28461021b64e0c"
  dependencies:
    classnames "^2.2.5"
    lodash "^4.15.0"
    nt-transmit-transparently "^1.0.7"
    nt-transparently-props "^0.0.5"
    validator "^5.7.0"

nt-web-margin-padding-editor@^1.1.6:
  version "1.1.6"
  resolved "http://registry.npm.taobao.org/nt-web-margin-padding-editor/download/nt-web-margin-padding-editor-1.1.6.tgz#94c4b85013907344faedeb73927bc1d2ac3020c2"
  dependencies:
    classnames "^2.2.5"
    nt-auto-bind "^2.0.5"
    nt-transmit-transparently "^1.0.7"

nt-web-message@^1.0.5:
  version "1.0.5"
  resolved "http://registry.npm.taobao.org/nt-web-message/download/nt-web-message-1.0.5.tgz#bea809088a5497744d18330eab496056bafecbbb"
  dependencies:
    classnames "^2.2.5"

nt-web-modal@^0.0.5:
  version "0.0.5"
  resolved "http://registry.npm.taobao.org/nt-web-modal/download/nt-web-modal-0.0.5.tgz#c8f9085771a643b514f81a81d918cd5cc329685b"
  dependencies:
    classnames "^2.2.5"
    nt-transmit-transparently "^1.0.7"
    nt-transparently-props "^0.0.5"
    nt-web-button "^1.0.5"

nt-web-number@^1.0.2:
  version "1.0.2"
  resolved "http://registry.npm.taobao.org/nt-web-number/download/nt-web-number-1.0.2.tgz#b99077b4ca9a880a120377b929a4bab2f8e9ab9f"
  dependencies:
    classnames "^2.2.5"
    lodash "^4.15.0"
    nt-auto-bind "^2.0.5"
    nt-transmit-transparently "^1.0.7"
    nt-web-input "^1.0.6"
    nt-web-select "^0.0.4"

nt-web-radio@^1.0.5:
  version "1.0.5"
  resolved "http://registry.npm.taobao.org/nt-web-radio/download/nt-web-radio-1.0.5.tgz#d5b30b68570d194fb46e74537d679467ae1b205b"
  dependencies:
    classnames "^2.2.5"
    nt-transmit-transparently "^1.0.7"
    nt-transparently-props "^0.0.5"
    nt-web-button "^1.0.5"

nt-web-select@^0.0.4:
  version "0.0.4"
  resolved "http://registry.npm.taobao.org/nt-web-select/download/nt-web-select-0.0.4.tgz#bbf1ec72592c994b05368176df4e686c5e8a7766"
  dependencies:
    classnames "^2.2.5"
    jquery "^3.1.0"
    lodash "^4.15.0"
    nt-transmit-transparently "^1.0.7"
    nt-transparently-props "^0.0.5"
    nt-web-input "^1.0.6"

nt-web-switch@^1.0.5:
  version "1.0.5"
  resolved "http://registry.npm.taobao.org/nt-web-switch/download/nt-web-switch-1.0.5.tgz#eb941cdc4ad3e0b34887f76cb919757bd33e7045"
  dependencies:
    classnames "^2.2.5"
    nt-transmit-transparently "^1.0.7"
    nt-transparently-props "^0.0.5"

nt-web-tabs@^1.0.7:
  version "1.0.7"
  resolved "http://registry.npm.taobao.org/nt-web-tabs/download/nt-web-tabs-1.0.7.tgz#b2ae6160c4cdbb5510f440de2eefd790df94842e"
  dependencies:
    classnames "^2.2.5"
    jquery "^3.1.0"
    nt-auto-bind "^2.0.5"
    nt-transmit-transparently "^1.0.7"
    nt-transparently-props "^0.0.5"

nt-web-tooltip@^1.2.3:
  version "1.2.3"
  resolved "http://registry.npm.taobao.org/nt-web-tooltip/download/nt-web-tooltip-1.2.3.tgz#4b3e4a81d07254d78f3fe4de92a4d8fa65d4fc49"
  dependencies:
    classnames "^2.2.5"
    nt-auto-bind "^2.0.5"
    nt-transparently-props "^0.0.5"

nt-web-tree@^1.0.5:
  version "1.0.5"
  resolved "http://registry.npm.taobao.org/nt-web-tree/download/nt-web-tree-1.0.5.tgz#2c2b4c3fa977fc3267a428b3c1b6e35dcb99c3ef"
  dependencies:
    classnames "^2.2.5"
    nt-transmit-transparently "^1.0.7"
    nt-transparently-props "^0.0.5"

object-assign@^4.1.0, object-assign@^4.1.1:
  version "4.1.1"
  resolved "http://registry.npm.taobao.org/object-assign/download/object-assign-4.1.1.tgz#2109adc7965887cfc05cbbd442cac8bfbb360863"

promise@^7.1.1:
  version "7.1.1"
  resolved "http://registry.npm.taobao.org/promise/download/promise-7.1.1.tgz#489654c692616b8aa55b0724fa809bb7db49c5bf"
  dependencies:
    asap "~2.0.3"

react-color@^2.3.2:
  version "2.11.4"
  resolved "http://registry.npm.taobao.org/react-color/download/react-color-2.11.4.tgz#43f64630e5d47a243f6bd35300224c9c69c73921"
  dependencies:
    lodash "^4.0.1"
    material-colors "^1.2.1"
    reactcss "^1.2.0"
    tinycolor2 "^1.1.2"

react-slick@^0.14.5:
  version "0.14.11"
  resolved "http://registry.npm.taobao.org/react-slick/download/react-slick-0.14.11.tgz#c2cbdbe3728c66a2ff4929be96d457e3ea0d80f3"
  dependencies:
    can-use-dom "^0.1.0"
    classnames "^2.2.5"
    create-react-class "^15.5.2"
    enquire.js "^2.1.6"
    json2mq "^0.2.0"
    object-assign "^4.1.0"
    slick-carousel "^1.6.0"

reactcss@^1.2.0:
  version "1.2.2"
  resolved "http://registry.npm.taobao.org/reactcss/download/reactcss-1.2.2.tgz#41b0ef43e01d54880357c34b11ac1531209350ef"
  dependencies:
    lodash "^4.0.1"

setimmediate@^1.0.5:
  version "1.0.5"
  resolved "http://registry.npm.taobao.org/setimmediate/download/setimmediate-1.0.5.tgz#290cbb232e306942d7d7ea9b83732ab7856f8285"

slick-carousel@^1.6.0:
  version "1.6.0"
  resolved "http://registry.npm.taobao.org/slick-carousel/download/slick-carousel-1.6.0.tgz#780f378e470f4e6f6bec1aa2bae0475f4f9eb085"
  dependencies:
    jquery ">=1.7.2"

"sortablejs@git://github.com/RubaXa/Sortable.git#dev":
  version "1.5.0-rc1"
  resolved "git://github.com/RubaXa/Sortable.git#42bb4e89d2226b38fff421d800f85190fe138f06"

string-convert@^0.2.0:
  version "0.2.1"
  resolved "http://registry.npm.taobao.org/string-convert/download/string-convert-0.2.1.tgz#6982cc3049fbb4cd85f8b24568b9d9bf39eeff97"

tinycolor2@^1.1.2:
  version "1.4.1"
  resolved "http://registry.npm.taobao.org/tinycolor2/download/tinycolor2-1.4.1.tgz#f4fad333447bc0b07d4dc8e9209d8f39a8ac77e8"

ua-parser-js@^0.7.9:
  version "0.7.12"
  resolved "http://registry.npm.taobao.org/ua-parser-js/download/ua-parser-js-0.7.12.tgz#04c81a99bdd5dc52263ea29d24c6bf8d4818a4bb"

validator@^5.7.0:
  version "5.7.0"
  resolved "http://registry.npm.taobao.org/validator/download/validator-5.7.0.tgz#7a87a58146b695ac486071141c0c49d67da05e5c"

whatwg-fetch@>=0.10.0:
  version "2.0.3"
  resolved "http://registry.npm.taobao.org/whatwg-fetch/download/whatwg-fetch-2.0.3.tgz#9c84ec2dcf68187ff00bc64e1274b442176e1c84"
